
Microsoft Visual Studio Solution File, Format Version 12.00
# Visual Studio Version 17
VisualStudioVersion = 17.13.35931.197
MinimumVisualStudioVersion = 10.0.40219.1
Project("{FAE04EC0-301F-11D3-BF4B-00C04F79EFBC}") = "PokemonApi", "PokemonApi\PokemonApi.csproj", "{9911D4D8-A159-4E80-B869-C2483BCD3567}"
EndProject
Global
	GlobalSection(SolutionConfigurationPlatforms) = preSolution
		Debug|Any CPU = Debug|Any CPU
		Release|Any CPU = Release|Any CPU
	EndGlobalSection
	GlobalSection(ProjectConfigurationPlatforms) = postSolution
		{9911D4D8-A159-4E80-B869-C2483BCD3567}.Debug|Any CPU.ActiveCfg = Debug|Any CPU
		{9911D4D8-A159-4E80-B869-C2483BCD3567}.Debug|Any CPU.Build.0 = Debug|Any CPU
		{9911D4D8-A159-4E80-B869-C2483BCD3567}.Release|Any CPU.ActiveCfg = Release|Any CPU
		{9911D4D8-A159-4E80-B869-C2483BCD3567}.Release|Any CPU.Build.0 = Release|Any CPU
	EndGlobalSection
	GlobalSection(SolutionProperties) = preSolution
		HideSolutionNode = FALSE
	EndGlobalSection
	GlobalSection(ExtensibilityGlobals) = postSolution
		SolutionGuid = {90D609E7-ACA9-4C6A-8B47-E58F0312FDC3}
	EndGlobalSection
EndGlobal
